# This file is autogenerated, do not edit; changes may be undone by the next 'dep ensure'.


[[projects]]
  branch = "master"
  digest = "1:9854161c32a3a97e6ad5eabbe682087272d1a0974b3519d64ef5f447193cb21b"
  name = "github.com/solovev/steam_go"
  packages = ["."]
  pruneopts = "UT"
  revision = "48eb5aae6c50845136e8e44c648cbd7cb855bd4b"

[solve-meta]
  analyzer-name = "dep"
  analyzer-version = 1
  input-imports = ["github.com/solovev/steam_go"]
  solver-name = "gps-cdcl"
  solver-version = 1
